
Microsoft Visual Studio Solution File, Format Version 12.00
# Visual Studio Version 17
VisualStudioVersion = 17.7.33711.374
MinimumVisualStudioVersion = 10.0.40219.1
Project("{FAE04EC0-301F-11D3-BF4B-00C04F79EFBC}") = "MovieApi", "MovieApi\MovieApi.csproj", "{67E298CD-3426-41F6-83DF-9DC390F45CD9}"
EndProject
Project("{FAE04EC0-301F-11D3-BF4B-00C04F79EFBC}") = "MovieTests", "MovieTests\MovieTests.csproj", "{61D31749-7EDF-4D11-BF22-365A394F5473}"
EndProject
Global
	GlobalSection(SolutionConfigurationPlatforms) = preSolution
		Debug|Any CPU = Debug|Any CPU
		Release|Any CPU = Release|Any CPU
	EndGlobalSection
	GlobalSection(ProjectConfigurationPlatforms) = postSolution
		{67E298CD-3426-41F6-83DF-9DC390F45CD9}.Debug|Any CPU.ActiveCfg = Debug|Any CPU
		{67E298CD-3426-41F6-83DF-9DC390F45CD9}.Debug|Any CPU.Build.0 = Debug|Any CPU
		{67E298CD-3426-41F6-83DF-9DC390F45CD9}.Release|Any CPU.ActiveCfg = Release|Any CPU
		{67E298CD-3426-41F6-83DF-9DC390F45CD9}.Release|Any CPU.Build.0 = Release|Any CPU
		{61D31749-7EDF-4D11-BF22-365A394F5473}.Debug|Any CPU.ActiveCfg = Debug|Any CPU
		{61D31749-7EDF-4D11-BF22-365A394F5473}.Debug|Any CPU.Build.0 = Debug|Any CPU
		{61D31749-7EDF-4D11-BF22-365A394F5473}.Release|Any CPU.ActiveCfg = Release|Any CPU
		{61D31749-7EDF-4D11-BF22-365A394F5473}.Release|Any CPU.Build.0 = Release|Any CPU
	EndGlobalSection
	GlobalSection(SolutionProperties) = preSolution
		HideSolutionNode = FALSE
	EndGlobalSection
	GlobalSection(ExtensibilityGlobals) = postSolution
		SolutionGuid = {C9498380-D262-4E54-B5AB-F5711DBDD3EE}
	EndGlobalSection
EndGlobal
